
Microsoft Visual Studio Solution File, Format Version 12.00
# Visual Studio Version 16
VisualStudioVersion = 16.0.29926.136
MinimumVisualStudioVersion = 10.0.40219.1
Project("{FAE04EC0-301F-11D3-BF4B-00C04F79EFBC}") = "BulkSoundRenamer", "BulkSoundRenamer\BulkSoundRenamer.csproj", "{F545A342-96B4-429B-9F82-0BAA93ADFD74}"
EndProject
Global
	GlobalSection(SolutionConfigurationPlatforms) = preSolution
		Debug|Any CPU = Debug|Any CPU
		Release|Any CPU = Release|Any CPU
	EndGlobalSection
	GlobalSection(ProjectConfigurationPlatforms) = postSolution
		{F545A342-96B4-429B-9F82-0BAA93ADFD74}.Debug|Any CPU.ActiveCfg = Debug|Any CPU
		{F545A342-96B4-429B-9F82-0BAA93ADFD74}.Debug|Any CPU.Build.0 = Debug|Any CPU
		{F545A342-96B4-429B-9F82-0BAA93ADFD74}.Release|Any CPU.ActiveCfg = Release|Any CPU
		{F545A342-96B4-429B-9F82-0BAA93ADFD74}.Release|Any CPU.Build.0 = Release|Any CPU
	EndGlobalSection
	GlobalSection(SolutionProperties) = preSolution
		HideSolutionNode = FALSE
	EndGlobalSection
	GlobalSection(ExtensibilityGlobals) = postSolution
		SolutionGuid = {A97D254E-6CF3-4FE7-AFF8-7CA13D7C1833}
	EndGlobalSection
EndGlobal
